
Microsoft Visual Studio Solution File, Format Version 12.00
# Visual Studio Version 16
VisualStudioVersion = 16.0.31515.178
MinimumVisualStudioVersion = 10.0.40219.1
Project("{FAE04EC0-301F-11D3-BF4B-00C04F79EFBC}") = "AspNet.Capitulo02.Razor", "AspNet.Capitulo02.Razor\AspNet.Capitulo02.Razor.csproj", "{A3EEA053-CD34-4E54-BC23-BE16FE2EE2A3}"
EndProject
Project("{2150E333-8FDC-42A3-9474-1A3956D46DE8}") = "Marketplace", "Marketplace", "{FF1FC601-7F5C-4F95-B9EC-67683A8ED22A}"
EndProject
Project("{FAE04EC0-301F-11D3-BF4B-00C04F79EFBC}") = "Marketplace.Repositorios.SqlServer.DbFirst", "Marketplace.Repositorios.SqlServer.DbFirst\Marketplace.Repositorios.SqlServer.DbFirst.csproj", "{A9B056CF-0071-4DC2-B870-51F517BA3E2B}"
EndProject
Project("{FAE04EC0-301F-11D3-BF4B-00C04F79EFBC}") = "Marketplace.Repositorios.SqlServer.DbFirstTests", "Marketplace.Repositorios.SqlServer.DbFirstTests\Marketplace.Repositorios.SqlServer.DbFirstTests.csproj", "{260E5AC4-56E6-4AED-BA44-439094EEAEF6}"
EndProject
Project("{FAE04EC0-301F-11D3-BF4B-00C04F79EFBC}") = "Marketplace.Mvc", "Marketplace.Mvc\Marketplace.Mvc.csproj", "{2FC19864-B99C-47B0-9164-1D5F278C15D3}"
EndProject
Project("{FAE04EC0-301F-11D3-BF4B-00C04F79EFBC}") = "Marketplace.Identity.Mvc", "Marketplace.Identity.Mvc\Marketplace.Identity.Mvc.csproj", "{6FEA9C3E-4D8F-4E36-BC4D-E5182E9C4091}"
EndProject
Project("{2150E333-8FDC-42A3-9474-1A3956D46DE8}") = "GatewayPagamento", "GatewayPagamento", "{E86657EA-F6C0-4F0A-A2E5-FE6893ABDB89}"
EndProject
Project("{FAE04EC0-301F-11D3-BF4B-00C04F79EFBC}") = "GatewayPagamento.Dominio", "GatewayPagamento.Dominio\GatewayPagamento.Dominio.csproj", "{873012E3-D91B-4637-9E98-0C343ECA8A8F}"
EndProject
Project("{FAE04EC0-301F-11D3-BF4B-00C04F79EFBC}") = "GatewayPagamento.Repositorios.SqlServer.CodeFirst", "GatewayPagamento.Repositorios.SqlServer.CodeFirst\GatewayPagamento.Repositorios.SqlServer.CodeFirst.csproj", "{B304504E-C153-4A18-B12C-941F8305A879}"
EndProject
Project("{FAE04EC0-301F-11D3-BF4B-00C04F79EFBC}") = "GatewayPagamento.Repositorios.SqlServer.CodeFirstTests", "GatewayPagamento.Repositorios.SqlServer.CodeFirstTests\GatewayPagamento.Repositorios.SqlServer.CodeFirstTests.csproj", "{D0C24A1B-CA93-4AFA-9860-25B1222BB9EE}"
EndProject
Project("{FAE04EC0-301F-11D3-BF4B-00C04F79EFBC}") = "GatewayPagamento.WebApi", "GatewayPagamento.WebApi\GatewayPagamento.WebApi.csproj", "{33301AEE-A083-4B93-B620-A075CA2E16FA}"
EndProject
Project("{FAE04EC0-301F-11D3-BF4B-00C04F79EFBC}") = "GatewayPagamento.Apoio", "GatewayPagamento.Apoio\GatewayPagamento.Apoio.csproj", "{1A02312E-F539-4ACA-A3B4-A400A7D27F7D}"
EndProject
Project("{FAE04EC0-301F-11D3-BF4B-00C04F79EFBC}") = "Marketplace.Repositorios.Http", "Marketplace.Repositorios.Http\Marketplace.Repositorios.Http.csproj", "{22FE2332-BAA8-4A2E-845E-E650691D9933}"
EndProject
Project("{2150E333-8FDC-42A3-9474-1A3956D46DE8}") = "ExpoCenter", "ExpoCenter", "{F472324F-B874-4B6F-9D7F-757E7565F283}"
EndProject
Project("{9A19103F-16F7-4668-BE54-9A1E7A4F7556}") = "ExpoCenter.Dominio", "ExpoCenter.Dominio\ExpoCenter.Dominio.csproj", "{561D0AE0-C540-409C-950E-D0173EA288DF}"
EndProject
Project("{9A19103F-16F7-4668-BE54-9A1E7A4F7556}") = "ExpoCenter.Repositorios.SqlServer", "ExpoCenter.Repositorios.SqlServer\ExpoCenter.Repositorios.SqlServer.csproj", "{B859A96E-7474-4D81-A877-0900089D449B}"
EndProject
Project("{9A19103F-16F7-4668-BE54-9A1E7A4F7556}") = "ExpoCenter.Repositorios.SqlServerTests", "ExpoCenter.Repositorios.SqlServerTests\ExpoCenter.Repositorios.SqlServerTests.csproj", "{93751DF3-A64D-4E6A-8547-401ADADE52B3}"
EndProject
Project("{9A19103F-16F7-4668-BE54-9A1E7A4F7556}") = "ExpoCenter.Mvc", "ExpoCenter.Mvc\ExpoCenter.Mvc.csproj", "{6DA7E851-8D38-4F9F-BD03-7B911BB6F4FA}"
EndProject
Project("{9A19103F-16F7-4668-BE54-9A1E7A4F7556}") = "ExpoCenter.WebApi", "ExpoCenter.WebApi\ExpoCenter.WebApi.csproj", "{EF051E56-A42F-41B2-9FB8-DF7D606A55B6}"
EndProject
Project("{FAE04EC0-301F-11D3-BF4B-00C04F79EFBC}") = "ExpoCenter.Html", "ExpoCenter.Html\ExpoCenter.Html.csproj", "{26BFC720-2BAB-4DBB-875D-ADDF4860490A}"
EndProject
Global
	GlobalSection(SolutionConfigurationPlatforms) = preSolution
		Debug|Any CPU = Debug|Any CPU
		Release|Any CPU = Release|Any CPU
	EndGlobalSection
	GlobalSection(ProjectConfigurationPlatforms) = postSolution
		{A3EEA053-CD34-4E54-BC23-BE16FE2EE2A3}.Debug|Any CPU.ActiveCfg = Debug|Any CPU
		{A3EEA053-CD34-4E54-BC23-BE16FE2EE2A3}.Debug|Any CPU.Build.0 = Debug|Any CPU
		{A3EEA053-CD34-4E54-BC23-BE16FE2EE2A3}.Release|Any CPU.ActiveCfg = Release|Any CPU
		{A3EEA053-CD34-4E54-BC23-BE16FE2EE2A3}.Release|Any CPU.Build.0 = Release|Any CPU
		{A9B056CF-0071-4DC2-B870-51F517BA3E2B}.Debug|Any CPU.ActiveCfg = Debug|Any CPU
		{A9B056CF-0071-4DC2-B870-51F517BA3E2B}.Debug|Any CPU.Build.0 = Debug|Any CPU
		{A9B056CF-0071-4DC2-B870-51F517BA3E2B}.Release|Any CPU.ActiveCfg = Release|Any CPU
		{A9B056CF-0071-4DC2-B870-51F517BA3E2B}.Release|Any CPU.Build.0 = Release|Any CPU
		{260E5AC4-56E6-4AED-BA44-439094EEAEF6}.Debug|Any CPU.ActiveCfg = Debug|Any CPU
		{260E5AC4-56E6-4AED-BA44-439094EEAEF6}.Debug|Any CPU.Build.0 = Debug|Any CPU
		{260E5AC4-56E6-4AED-BA44-439094EEAEF6}.Release|Any CPU.ActiveCfg = Release|Any CPU
		{260E5AC4-56E6-4AED-BA44-439094EEAEF6}.Release|Any CPU.Build.0 = Release|Any CPU
		{2FC19864-B99C-47B0-9164-1D5F278C15D3}.Debug|Any CPU.ActiveCfg = Debug|Any CPU
		{2FC19864-B99C-47B0-9164-1D5F278C15D3}.Debug|Any CPU.Build.0 = Debug|Any CPU
		{2FC19864-B99C-47B0-9164-1D5F278C15D3}.Release|Any CPU.ActiveCfg = Release|Any CPU
		{2FC19864-B99C-47B0-9164-1D5F278C15D3}.Release|Any CPU.Build.0 = Release|Any CPU
		{6FEA9C3E-4D8F-4E36-BC4D-E5182E9C4091}.Debug|Any CPU.ActiveCfg = Debug|Any CPU
		{6FEA9C3E-4D8F-4E36-BC4D-E5182E9C4091}.Debug|Any CPU.Build.0 = Debug|Any CPU
		{6FEA9C3E-4D8F-4E36-BC4D-E5182E9C4091}.Release|Any CPU.ActiveCfg = Release|Any CPU
		{6FEA9C3E-4D8F-4E36-BC4D-E5182E9C4091}.Release|Any CPU.Build.0 = Release|Any CPU
		{873012E3-D91B-4637-9E98-0C343ECA8A8F}.Debug|Any CPU.ActiveCfg = Debug|Any CPU
		{873012E3-D91B-4637-9E98-0C343ECA8A8F}.Debug|Any CPU.Build.0 = Debug|Any CPU
		{873012E3-D91B-4637-9E98-0C343ECA8A8F}.Release|Any CPU.ActiveCfg = Release|Any CPU
		{873012E3-D91B-4637-9E98-0C343ECA8A8F}.Release|Any CPU.Build.0 = Release|Any CPU
		{B304504E-C153-4A18-B12C-941F8305A879}.Debug|Any CPU.ActiveCfg = Debug|Any CPU
		{B304504E-C153-4A18-B12C-941F8305A879}.Debug|Any CPU.Build.0 = Debug|Any CPU
		{B304504E-C153-4A18-B12C-941F8305A879}.Release|Any CPU.ActiveCfg = Release|Any CPU
		{B304504E-C153-4A18-B12C-941F8305A879}.Release|Any CPU.Build.0 = Release|Any CPU
		{D0C24A1B-CA93-4AFA-9860-25B1222BB9EE}.Debug|Any CPU.ActiveCfg = Debug|Any CPU
		{D0C24A1B-CA93-4AFA-9860-25B1222BB9EE}.Debug|Any CPU.Build.0 = Debug|Any CPU
		{D0C24A1B-CA93-4AFA-9860-25B1222BB9EE}.Release|Any CPU.ActiveCfg = Release|Any CPU
		{D0C24A1B-CA93-4AFA-9860-25B1222BB9EE}.Release|Any CPU.Build.0 = Release|Any CPU
		{33301AEE-A083-4B93-B620-A075CA2E16FA}.Debug|Any CPU.ActiveCfg = Debug|Any CPU
		{33301AEE-A083-4B93-B620-A075CA2E16FA}.Debug|Any CPU.Build.0 = Debug|Any CPU
		{33301AEE-A083-4B93-B620-A075CA2E16FA}.Release|Any CPU.ActiveCfg = Release|Any CPU
		{33301AEE-A083-4B93-B620-A075CA2E16FA}.Release|Any CPU.Build.0 = Release|Any CPU
		{1A02312E-F539-4ACA-A3B4-A400A7D27F7D}.Debug|Any CPU.ActiveCfg = Debug|Any CPU
		{1A02312E-F539-4ACA-A3B4-A400A7D27F7D}.Debug|Any CPU.Build.0 = Debug|Any CPU
		{1A02312E-F539-4ACA-A3B4-A400A7D27F7D}.Release|Any CPU.ActiveCfg = Release|Any CPU
		{1A02312E-F539-4ACA-A3B4-A400A7D27F7D}.Release|Any CPU.Build.0 = Release|Any CPU
		{22FE2332-BAA8-4A2E-845E-E650691D9933}.Debug|Any CPU.ActiveCfg = Debug|Any CPU
		{22FE2332-BAA8-4A2E-845E-E650691D9933}.Debug|Any CPU.Build.0 = Debug|Any CPU
		{22FE2332-BAA8-4A2E-845E-E650691D9933}.Release|Any CPU.ActiveCfg = Release|Any CPU
		{22FE2332-BAA8-4A2E-845E-E650691D9933}.Release|Any CPU.Build.0 = Release|Any CPU
		{561D0AE0-C540-409C-950E-D0173EA288DF}.Debug|Any CPU.ActiveCfg = Debug|Any CPU
		{561D0AE0-C540-409C-950E-D0173EA288DF}.Debug|Any CPU.Build.0 = Debug|Any CPU
		{561D0AE0-C540-409C-950E-D0173EA288DF}.Release|Any CPU.ActiveCfg = Release|Any CPU
		{561D0AE0-C540-409C-950E-D0173EA288DF}.Release|Any CPU.Build.0 = Release|Any CPU
		{B859A96E-7474-4D81-A877-0900089D449B}.Debug|Any CPU.ActiveCfg = Debug|Any CPU
		{B859A96E-7474-4D81-A877-0900089D449B}.Debug|Any CPU.Build.0 = Debug|Any CPU
		{B859A96E-7474-4D81-A877-0900089D449B}.Release|Any CPU.ActiveCfg = Release|Any CPU
		{B859A96E-7474-4D81-A877-0900089D449B}.Release|Any CPU.Build.0 = Release|Any CPU
		{93751DF3-A64D-4E6A-8547-401ADADE52B3}.Debug|Any CPU.ActiveCfg = Debug|Any CPU
		{93751DF3-A64D-4E6A-8547-401ADADE52B3}.Debug|Any CPU.Build.0 = Debug|Any CPU
		{93751DF3-A64D-4E6A-8547-401ADADE52B3}.Release|Any CPU.ActiveCfg = Release|Any CPU
		{93751DF3-A64D-4E6A-8547-401ADADE52B3}.Release|Any CPU.Build.0 = Release|Any CPU
		{6DA7E851-8D38-4F9F-BD03-7B911BB6F4FA}.Debug|Any CPU.ActiveCfg = Debug|Any CPU
		{6DA7E851-8D38-4F9F-BD03-7B911BB6F4FA}.Debug|Any CPU.Build.0 = Debug|Any CPU
		{6DA7E851-8D38-4F9F-BD03-7B911BB6F4FA}.Release|Any CPU.ActiveCfg = Release|Any CPU
		{6DA7E851-8D38-4F9F-BD03-7B911BB6F4FA}.Release|Any CPU.Build.0 = Release|Any CPU
		{EF051E56-A42F-41B2-9FB8-DF7D606A55B6}.Debug|Any CPU.ActiveCfg = Debug|Any CPU
		{EF051E56-A42F-41B2-9FB8-DF7D606A55B6}.Debug|Any CPU.Build.0 = Debug|Any CPU
		{EF051E56-A42F-41B2-9FB8-DF7D606A55B6}.Release|Any CPU.ActiveCfg = Release|Any CPU
		{EF051E56-A42F-41B2-9FB8-DF7D606A55B6}.Release|Any CPU.Build.0 = Release|Any CPU
		{26BFC720-2BAB-4DBB-875D-ADDF4860490A}.Debug|Any CPU.ActiveCfg = Debug|Any CPU
		{26BFC720-2BAB-4DBB-875D-ADDF4860490A}.Debug|Any CPU.Build.0 = Debug|Any CPU
		{26BFC720-2BAB-4DBB-875D-ADDF4860490A}.Release|Any CPU.ActiveCfg = Release|Any CPU
		{26BFC720-2BAB-4DBB-875D-ADDF4860490A}.Release|Any CPU.Build.0 = Release|Any CPU
	EndGlobalSection
	GlobalSection(SolutionProperties) = preSolution
		HideSolutionNode = FALSE
	EndGlobalSection
	GlobalSection(NestedProjects) = preSolution
		{A9B056CF-0071-4DC2-B870-51F517BA3E2B} = {FF1FC601-7F5C-4F95-B9EC-67683A8ED22A}
		{260E5AC4-56E6-4AED-BA44-439094EEAEF6} = {FF1FC601-7F5C-4F95-B9EC-67683A8ED22A}
		{2FC19864-B99C-47B0-9164-1D5F278C15D3} = {FF1FC601-7F5C-4F95-B9EC-67683A8ED22A}
		{6FEA9C3E-4D8F-4E36-BC4D-E5182E9C4091} = {FF1FC601-7F5C-4F95-B9EC-67683A8ED22A}
		{873012E3-D91B-4637-9E98-0C343ECA8A8F} = {E86657EA-F6C0-4F0A-A2E5-FE6893ABDB89}
		{B304504E-C153-4A18-B12C-941F8305A879} = {E86657EA-F6C0-4F0A-A2E5-FE6893ABDB89}
		{D0C24A1B-CA93-4AFA-9860-25B1222BB9EE} = {E86657EA-F6C0-4F0A-A2E5-FE6893ABDB89}
		{33301AEE-A083-4B93-B620-A075CA2E16FA} = {E86657EA-F6C0-4F0A-A2E5-FE6893ABDB89}
		{1A02312E-F539-4ACA-A3B4-A400A7D27F7D} = {E86657EA-F6C0-4F0A-A2E5-FE6893ABDB89}
		{22FE2332-BAA8-4A2E-845E-E650691D9933} = {FF1FC601-7F5C-4F95-B9EC-67683A8ED22A}
		{561D0AE0-C540-409C-950E-D0173EA288DF} = {F472324F-B874-4B6F-9D7F-757E7565F283}
		{B859A96E-7474-4D81-A877-0900089D449B} = {F472324F-B874-4B6F-9D7F-757E7565F283}
		{93751DF3-A64D-4E6A-8547-401ADADE52B3} = {F472324F-B874-4B6F-9D7F-757E7565F283}
		{6DA7E851-8D38-4F9F-BD03-7B911BB6F4FA} = {F472324F-B874-4B6F-9D7F-757E7565F283}
		{EF051E56-A42F-41B2-9FB8-DF7D606A55B6} = {F472324F-B874-4B6F-9D7F-757E7565F283}
		{26BFC720-2BAB-4DBB-875D-ADDF4860490A} = {F472324F-B874-4B6F-9D7F-757E7565F283}
	EndGlobalSection
	GlobalSection(ExtensibilityGlobals) = postSolution
		SolutionGuid = {02E52A5A-1392-4C35-BAC2-3F52E8A24001}
	EndGlobalSection
EndGlobal
