
Microsoft Visual Studio Solution File, Format Version 12.00
# Visual Studio Version 16
VisualStudioVersion = 16.0.31515.178
MinimumVisualStudioVersion = 10.0.40219.1
Project("{FAE04EC0-301F-11D3-BF4B-00C04F79EFBC}") = "AspNet.Capitulo02.Razor", "AspNet.Capitulo02.Razor\AspNet.Capitulo02.Razor.csproj", "{A3EEA053-CD34-4E54-BC23-BE16FE2EE2A3}"
EndProject
Project("{2150E333-8FDC-42A3-9474-1A3956D46DE8}") = "Marketplace", "Marketplace", "{FF1FC601-7F5C-4F95-B9EC-67683A8ED22A}"
EndProject
Project("{FAE04EC0-301F-11D3-BF4B-00C04F79EFBC}") = "Marketplace.Repositorios.SqlServer.DbFirst", "Marketplace.Repositorios.SqlServer.DbFirst\Marketplace.Repositorios.SqlServer.DbFirst.csproj", "{A9B056CF-0071-4DC2-B870-51F517BA3E2B}"
EndProject
Project("{FAE04EC0-301F-11D3-BF4B-00C04F79EFBC}") = "Marketplace.Repositorios.SqlServer.DbFirstTests", "Marketplace.Repositorios.SqlServer.DbFirstTests\Marketplace.Repositorios.SqlServer.DbFirstTests.csproj", "{260E5AC4-56E6-4AED-BA44-439094EEAEF6}"
EndProject
Project("{FAE04EC0-301F-11D3-BF4B-00C04F79EFBC}") = "Marketplace.Mvc", "Marketplace.Mvc\Marketplace.Mvc.csproj", "{2FC19864-B99C-47B0-9164-1D5F278C15D3}"
EndProject
Global
	GlobalSection(SolutionConfigurationPlatforms) = preSolution
		Debug|Any CPU = Debug|Any CPU
		Release|Any CPU = Release|Any CPU
	EndGlobalSection
	GlobalSection(ProjectConfigurationPlatforms) = postSolution
		{A3EEA053-CD34-4E54-BC23-BE16FE2EE2A3}.Debug|Any CPU.ActiveCfg = Debug|Any CPU
		{A3EEA053-CD34-4E54-BC23-BE16FE2EE2A3}.Debug|Any CPU.Build.0 = Debug|Any CPU
		{A3EEA053-CD34-4E54-BC23-BE16FE2EE2A3}.Release|Any CPU.ActiveCfg = Release|Any CPU
		{A3EEA053-CD34-4E54-BC23-BE16FE2EE2A3}.Release|Any CPU.Build.0 = Release|Any CPU
		{A9B056CF-0071-4DC2-B870-51F517BA3E2B}.Debug|Any CPU.ActiveCfg = Debug|Any CPU
		{A9B056CF-0071-4DC2-B870-51F517BA3E2B}.Debug|Any CPU.Build.0 = Debug|Any CPU
		{A9B056CF-0071-4DC2-B870-51F517BA3E2B}.Release|Any CPU.ActiveCfg = Release|Any CPU
		{A9B056CF-0071-4DC2-B870-51F517BA3E2B}.Release|Any CPU.Build.0 = Release|Any CPU
		{260E5AC4-56E6-4AED-BA44-439094EEAEF6}.Debug|Any CPU.ActiveCfg = Debug|Any CPU
		{260E5AC4-56E6-4AED-BA44-439094EEAEF6}.Debug|Any CPU.Build.0 = Debug|Any CPU
		{260E5AC4-56E6-4AED-BA44-439094EEAEF6}.Release|Any CPU.ActiveCfg = Release|Any CPU
		{260E5AC4-56E6-4AED-BA44-439094EEAEF6}.Release|Any CPU.Build.0 = Release|Any CPU
		{2FC19864-B99C-47B0-9164-1D5F278C15D3}.Debug|Any CPU.ActiveCfg = Debug|Any CPU
		{2FC19864-B99C-47B0-9164-1D5F278C15D3}.Debug|Any CPU.Build.0 = Debug|Any CPU
		{2FC19864-B99C-47B0-9164-1D5F278C15D3}.Release|Any CPU.ActiveCfg = Release|Any CPU
		{2FC19864-B99C-47B0-9164-1D5F278C15D3}.Release|Any CPU.Build.0 = Release|Any CPU
	EndGlobalSection
	GlobalSection(SolutionProperties) = preSolution
		HideSolutionNode = FALSE
	EndGlobalSection
	GlobalSection(NestedProjects) = preSolution
		{A9B056CF-0071-4DC2-B870-51F517BA3E2B} = {FF1FC601-7F5C-4F95-B9EC-67683A8ED22A}
		{260E5AC4-56E6-4AED-BA44-439094EEAEF6} = {FF1FC601-7F5C-4F95-B9EC-67683A8ED22A}
		{2FC19864-B99C-47B0-9164-1D5F278C15D3} = {FF1FC601-7F5C-4F95-B9EC-67683A8ED22A}
	EndGlobalSection
	GlobalSection(ExtensibilityGlobals) = postSolution
		SolutionGuid = {02E52A5A-1392-4C35-BAC2-3F52E8A24001}
	EndGlobalSection
EndGlobal
